{
  "name": "exupery-standard-library",
  "version": "0.1.15",
  "lockfileVersion": 3,
  "requires": true,
  "packages": {
    "": {
      "name": "exupery-standard-library",
      "version": "0.1.15",
      "dependencies": {
        "exupery-core-alg": "^0.1.12"
      },
      "devDependencies": {
        "@types/node": "^24.9.1"
      }
    },
    "node_modules/@types/node": {
      "version": "24.9.1",
      "resolved": "https://registry.npmjs.org/@types/node/-/node-24.9.1.tgz",
      "integrity": "sha512-QoiaXANRkSXK6p0Duvt56W208du4P9Uye9hWLWgGMDTEoKPhuenzNcC4vGUmrNkiOKTlIrBoyNQYNpSwfEZXSg==",
      "dev": true,
      "license": "MIT",
      "dependencies": {
        "undici-types": "~7.16.0"
      }
    },
    "node_modules/exupery-core-alg": {
      "version": "0.1.12",
      "resolved": "https://registry.npmjs.org/exupery-core-alg/-/exupery-core-alg-0.1.12.tgz",
      "integrity": "sha512-lkSC8L5gdr8r/K/k5azsRUsIi1il3CL/+CjPn7aFDS1L7hf9q56mqp04+urDEeSubd3ufT9WJvHfdMminab6hQ==",
      "license": "ISC",
      "dependencies": {
        "exupery-core-internals": "^0.1.12"
      }
    },
    "node_modules/exupery-core-internals": {
      "version": "0.1.13",
      "resolved": "https://registry.npmjs.org/exupery-core-internals/-/exupery-core-internals-0.1.13.tgz",
      "integrity": "sha512-iKVBxTnczCB5Ax5YnUHDYbrrjOtpcDUDaxFEVk8W3ZWjYnPWr5+ctkIqrbK+QCuYEvYMwdiuzK/xnWGsGCKe5Q==",
      "license": "ISC",
      "dependencies": {
        "exupery-core-types": "^0.1.6"
      }
    },
    "node_modules/exupery-core-types": {
      "version": "0.1.6",
      "resolved": "https://registry.npmjs.org/exupery-core-types/-/exupery-core-types-0.1.6.tgz",
      "integrity": "sha512-KhulSFIk8Te7EhJH6mW/fyF/liUkB+Cl2tcbPXnxXjUvHLZc15aYM9OFuFpoHGkX2ZsjMOkcDEsQW15Dirdy+w==",
      "license": "Apache-2.0"
    },
    "node_modules/undici-types": {
      "version": "7.16.0",
      "resolved": "https://registry.npmjs.org/undici-types/-/undici-types-7.16.0.tgz",
      "integrity": "sha512-Zz+aZWSj8LE6zoxD+xrjh4VfkIG8Ya6LvYkZqtUQGJPZjYl53ypCaUwWqo7eI0x66KBGeRo+mlBEkMSeSZ38Nw==",
      "dev": true,
      "license": "MIT"
    }
  }
}
